
Microsoft Visual Studio Solution File, Format Version 12.00
# Visual Studio 15
VisualStudioVersion = 15.0.27703.2026
MinimumVisualStudioVersion = 10.0.40219.1
Project("{F184B08F-C81C-45F6-A57F-5ABD9991F28F}") = "VpnLifeguard_vbNet", "VpnLifeguard_vbNet\VpnLifeguard_vbNet.vbproj", "{2513E4BE-EAA5-4AF2-92C8-DEF6D12857A9}"
EndProject
Global
	GlobalSection(SolutionConfigurationPlatforms) = preSolution
		Debug|Any CPU = Debug|Any CPU
		Debug|x86 = Debug|x86
		Release|Any CPU = Release|Any CPU
		Release|x86 = Release|x86
	EndGlobalSection
	GlobalSection(ProjectConfigurationPlatforms) = postSolution
		{2513E4BE-EAA5-4AF2-92C8-DEF6D12857A9}.Debug|Any CPU.ActiveCfg = Debug|Any CPU
		{2513E4BE-EAA5-4AF2-92C8-DEF6D12857A9}.Debug|Any CPU.Build.0 = Debug|Any CPU
		{2513E4BE-EAA5-4AF2-92C8-DEF6D12857A9}.Debug|x86.ActiveCfg = Debug|x86
		{2513E4BE-EAA5-4AF2-92C8-DEF6D12857A9}.Debug|x86.Build.0 = Debug|x86
		{2513E4BE-EAA5-4AF2-92C8-DEF6D12857A9}.Release|Any CPU.ActiveCfg = Release|Any CPU
		{2513E4BE-EAA5-4AF2-92C8-DEF6D12857A9}.Release|Any CPU.Build.0 = Release|Any CPU
		{2513E4BE-EAA5-4AF2-92C8-DEF6D12857A9}.Release|x86.ActiveCfg = Release|x86
		{2513E4BE-EAA5-4AF2-92C8-DEF6D12857A9}.Release|x86.Build.0 = Release|x86
	EndGlobalSection
	GlobalSection(SolutionProperties) = preSolution
		HideSolutionNode = FALSE
	EndGlobalSection
	GlobalSection(ExtensibilityGlobals) = postSolution
		SolutionGuid = {D35C917F-CF73-4747-BD00-7886FA34AC56}
	EndGlobalSection
EndGlobal
